<?xml version="1.0" encoding="utf-8"?>
<Project ToolsVersion="4.0" xmlns="http://schemas.microsoft.com/developer/msbuild/2003">
  <ItemGroup>
    <Filter Include="Source Files">
      <UniqueIdentifier>{4FC737F1-C7A5-4376-A066-2A32D752A2FF}</UniqueIdentifier>
      <Extensions>cpp;c;cc;cxx;c++;cppm;ixx;def;odl;idl;hpj;bat;asm;asmx</Extensions>
    </Filter>
    <Filter Include="Header Files">
      <UniqueIdentifier>{93995380-89BD-4b04-88EB-625FBE52EBFB}</UniqueIdentifier>
      <Extensions>h;hh;hpp;hxx;h++;hm;inl;inc;ipp;xsd</Extensions>
    </Filter>
    <Filter Include="Resource Files">
      <UniqueIdentifier>{67DA6AB6-F800-4c08-8B7A-83BB121AAD01}</UniqueIdentifier>
      <Extensions>rc;ico;cur;bmp;dlg;rc2;rct;bin;rgs;gif;jpg;jpeg;jpe;resx;tiff;tif;png;wav;mfcribbon-ms</Extensions>
    </Filter>
    <Filter Include="Source Files\Engine">
      <UniqueIdentifier>{14002758-95c6-400c-941c-4754f3a5c9f8}</UniqueIdentifier>
    </Filter>
    <Filter Include="Source Files\IK">
      <UniqueIdentifier>{c8cb3fe0-6bb3-48ea-89b2-92dd9c4056a5}</UniqueIdentifier>
    </Filter>
  </ItemGroup>
  <ItemGroup>
    <ClCompile Include="src\main.cpp">
      <Filter>Source Files</Filter>
    </ClCompile>
    <ClCompile Include="src\analytics.cpp">
      <Filter>Source Files\Engine</Filter>
    </ClCompile>
    <ClCompile Include="src\army_provider.cpp">
      <Filter>Source Files\Engine</Filter>
    </ClCompile>
    <ClCompile Include="src\ik_army_provider.cpp">
      <Filter>Source Files\IK</Filter>
    </ClCompile>
    <ClCompile Include="src\battle_processor.cpp">
      <Filter>Source Files\Engine</Filter>
    </ClCompile>
    <ClCompile Include="src\ik_battle_processor.cpp">
      <Filter>Source Files\IK</Filter>
    </ClCompile>
    <ClCompile Include="src\ik_config.cpp">
      <Filter>Source Files\IK</Filter>
    </ClCompile>
    <ClCompile Include="src\log.cpp">
      <Filter>Source Files\Engine</Filter>
    </ClCompile>
    <ClCompile Include="src\ik_analytics.cpp">
      <Filter>Source Files\IK</Filter>
    </ClCompile>
    <ClCompile Include="src\scenario_evaluator.cpp">
      <Filter>Source Files\Engine</Filter>
    </ClCompile>
    <ClCompile Include="src\ik_scenario_evaluator.cpp">
      <Filter>Source Files\IK</Filter>
    </ClCompile>
  </ItemGroup>
  <ItemGroup>
    <ClInclude Include="src\analytics.h">
      <Filter>Source Files\Engine</Filter>
    </ClInclude>
    <ClInclude Include="src\army_provider.h">
      <Filter>Source Files\Engine</Filter>
    </ClInclude>
    <ClInclude Include="src\ik_army_provider.h">
      <Filter>Source Files\IK</Filter>
    </ClInclude>
    <ClInclude Include="src\battle_processor.h">
      <Filter>Source Files\Engine</Filter>
    </ClInclude>
    <ClInclude Include="src\ik_battle_processor.h">
      <Filter>Source Files\IK</Filter>
    </ClInclude>
    <ClInclude Include="src\ik_config.h">
      <Filter>Source Files\IK</Filter>
    </ClInclude>
    <ClInclude Include="src\common.h">
      <Filter>Source Files\Engine</Filter>
    </ClInclude>
    <ClInclude Include="src\log.h">
      <Filter>Source Files\Engine</Filter>
    </ClInclude>
    <ClInclude Include="src\ik_analytics.h">
      <Filter>Source Files\IK</Filter>
    </ClInclude>
    <ClInclude Include="src\scenario_evaluator.h">
      <Filter>Source Files\Engine</Filter>
    </ClInclude>
    <ClInclude Include="src\_OLD_CODE_DUMP.h">
      <Filter>Source Files</Filter>
    </ClInclude>
    <ClInclude Include="src\ik_scenario_evaluator.h">
      <Filter>Source Files\IK</Filter>
    </ClInclude>
  </ItemGroup>
</Project>