<?xml version="1.0" encoding="utf-8"?>
<Project ToolsVersion="4.0" xmlns="http://schemas.microsoft.com/developer/msbuild/2003">
  <ItemGroup>
    <Filter Include="Source Files">
      <UniqueIdentifier>{4FC737F1-C7A5-4376-A066-2A32D752A2FF}</UniqueIdentifier>
      <Extensions>cpp;c;cc;cxx;c++;cppm;ixx;def;odl;idl;hpj;bat;asm;asmx</Extensions>
    </Filter>
    <Filter Include="Header Files">
      <UniqueIdentifier>{93995380-89BD-4b04-88EB-625FBE52EBFB}</UniqueIdentifier>
      <Extensions>h;hh;hpp;hxx;h++;hm;inl;inc;ipp;xsd</Extensions>
    </Filter>
    <Filter Include="Resource Files">
      <UniqueIdentifier>{67DA6AB6-F800-4c08-8B7A-83BB121AAD01}</UniqueIdentifier>
      <Extensions>rc;ico;cur;bmp;dlg;rc2;rct;bin;rgs;gif;jpg;jpeg;jpe;resx;tiff;tif;png;wav;mfcribbon-ms</Extensions>
    </Filter>
    <Filter Include="Source Files\Config">
      <UniqueIdentifier>{349f7c0e-6d95-4333-ad7a-6aab9a664677}</UniqueIdentifier>
    </Filter>
    <Filter Include="Source Files\Analysis">
      <UniqueIdentifier>{1915d94a-0583-401f-bb34-3d0b9327426f}</UniqueIdentifier>
    </Filter>
    <Filter Include="Source Files\Common">
      <UniqueIdentifier>{50df211e-2bc5-4b75-ad86-731c95fa8ab8}</UniqueIdentifier>
    </Filter>
    <Filter Include="Source Files\Log">
      <UniqueIdentifier>{4fd04908-31fc-4135-bf10-ffd548993bc7}</UniqueIdentifier>
    </Filter>
    <Filter Include="Source Files\Playground">
      <UniqueIdentifier>{5c007f91-0b15-465f-9928-929bb402b6ff}</UniqueIdentifier>
    </Filter>
    <Filter Include="Source Files\Runtime">
      <UniqueIdentifier>{fe65b625-244c-4935-8766-58dee350e8aa}</UniqueIdentifier>
    </Filter>
    <Filter Include="Source Files\Runtime\Skills">
      <UniqueIdentifier>{9257ea13-5bf3-4f69-bfbd-438855ae8be5}</UniqueIdentifier>
    </Filter>
  </ItemGroup>
  <ItemGroup>
    <ClCompile Include="src\common_types.cpp">
      <Filter>Source Files\Common</Filter>
    </ClCompile>
    <ClCompile Include="src\config.cpp">
      <Filter>Source Files\Config</Filter>
    </ClCompile>
    <ClCompile Include="src\playground_storage.cpp">
      <Filter>Source Files\Playground</Filter>
    </ClCompile>
    <ClCompile Include="src\playground.cpp">
      <Filter>Source Files\Playground</Filter>
    </ClCompile>
    <ClCompile Include="src\playground_types.cpp">
      <Filter>Source Files\Playground</Filter>
    </ClCompile>
    <ClCompile Include="src\log.cpp">
      <Filter>Source Files\Log</Filter>
    </ClCompile>
    <ClCompile Include="src\battle.cpp">
      <Filter>Source Files\Runtime</Filter>
    </ClCompile>
    <ClCompile Include="src\runtime_types.cpp">
      <Filter>Source Files\Runtime</Filter>
    </ClCompile>
    <ClCompile Include="src\main.cpp">
      <Filter>Source Files</Filter>
    </ClCompile>
    <ClCompile Include="src\buffs.cpp">
      <Filter>Source Files\Runtime\Skills</Filter>
    </ClCompile>
    <ClCompile Include="src\skills.cpp">
      <Filter>Source Files\Runtime\Skills</Filter>
    </ClCompile>
  </ItemGroup>
  <ItemGroup>
    <ClInclude Include="src\analyzer.h">
      <Filter>Source Files\Analysis</Filter>
    </ClInclude>
    <ClInclude Include="src\common_types.h">
      <Filter>Source Files\Common</Filter>
    </ClInclude>
    <ClInclude Include="src\enums.h">
      <Filter>Source Files\Common</Filter>
    </ClInclude>
    <ClInclude Include="src\config.h">
      <Filter>Source Files\Config</Filter>
    </ClInclude>
    <ClInclude Include="src\playground_storage.h">
      <Filter>Source Files\Playground</Filter>
    </ClInclude>
    <ClInclude Include="src\playground.h">
      <Filter>Source Files\Playground</Filter>
    </ClInclude>
    <ClInclude Include="src\playground_types.h">
      <Filter>Source Files\Playground</Filter>
    </ClInclude>
    <ClInclude Include="src\log.h">
      <Filter>Source Files\Log</Filter>
    </ClInclude>
    <ClInclude Include="src\battle.h">
      <Filter>Source Files\Runtime</Filter>
    </ClInclude>
    <ClInclude Include="src\runtime_types.h">
      <Filter>Source Files\Runtime</Filter>
    </ClInclude>
    <ClInclude Include="src\buffs.h">
      <Filter>Source Files\Runtime\Skills</Filter>
    </ClInclude>
    <ClInclude Include="src\skills.h">
      <Filter>Source Files\Runtime\Skills</Filter>
    </ClInclude>
  </ItemGroup>
</Project>